
Microsoft Visual Studio Solution File, Format Version 12.00
# Visual Studio Version 16
VisualStudioVersion = 16.0.29411.108
MinimumVisualStudioVersion = 10.0.40219.1
Project("{9A19103F-16F7-4668-BE54-9A1E7A4F7556}") = "docker_sandbox_dev", "docker_sandbox_dev\docker_sandbox_dev.csproj", "{3E57410A-C44B-4286-958C-230E55B1D18C}"
EndProject
Project("{9A19103F-16F7-4668-BE54-9A1E7A4F7556}") = "docker_sandbox_dev_api", "docker_sandbox_dev_api\docker_sandbox_dev_api.csproj", "{F5DD23C7-3297-47E6-83BF-0D125D09FCF1}"
EndProject
Global
	GlobalSection(SolutionConfigurationPlatforms) = preSolution
		Debug|Any CPU = Debug|Any CPU
		Release|Any CPU = Release|Any CPU
	EndGlobalSection
	GlobalSection(ProjectConfigurationPlatforms) = postSolution
		{3E57410A-C44B-4286-958C-230E55B1D18C}.Debug|Any CPU.ActiveCfg = Debug|Any CPU
		{3E57410A-C44B-4286-958C-230E55B1D18C}.Debug|Any CPU.Build.0 = Debug|Any CPU
		{3E57410A-C44B-4286-958C-230E55B1D18C}.Release|Any CPU.ActiveCfg = Release|Any CPU
		{3E57410A-C44B-4286-958C-230E55B1D18C}.Release|Any CPU.Build.0 = Release|Any CPU
		{F5DD23C7-3297-47E6-83BF-0D125D09FCF1}.Debug|Any CPU.ActiveCfg = Debug|Any CPU
		{F5DD23C7-3297-47E6-83BF-0D125D09FCF1}.Debug|Any CPU.Build.0 = Debug|Any CPU
		{F5DD23C7-3297-47E6-83BF-0D125D09FCF1}.Release|Any CPU.ActiveCfg = Release|Any CPU
		{F5DD23C7-3297-47E6-83BF-0D125D09FCF1}.Release|Any CPU.Build.0 = Release|Any CPU
	EndGlobalSection
	GlobalSection(SolutionProperties) = preSolution
		HideSolutionNode = FALSE
	EndGlobalSection
	GlobalSection(ExtensibilityGlobals) = postSolution
		SolutionGuid = {AA34041C-BC76-4A16-A3CA-BB6BF233CFEA}
	EndGlobalSection
EndGlobal
